
Microsoft Visual Studio Solution File, Format Version 12.00
# Visual Studio 14
VisualStudioVersion = 14.0.25420.1
MinimumVisualStudioVersion = 10.0.40219.1
Project("{FAE04EC0-301F-11D3-BF4B-00C04F79EFBC}") = "Contact", "HiCGI\Contact.csproj", "{5DEFDE89-71E0-44FD-980E-01E9AB62A0C5}"
EndProject
Project("{FAE04EC0-301F-11D3-BF4B-00C04F79EFBC}") = "Search", "Search\Search.csproj", "{D4AABF74-AF28-4785-94C7-09BEBE01AD78}"
EndProject
Project("{FAE04EC0-301F-11D3-BF4B-00C04F79EFBC}") = "ContentDesposition", "ContentDesposition\ContentDesposition.csproj", "{0AB39223-D1DF-4423-ADBD-309F30E30AE9}"
EndProject
Project("{FAE04EC0-301F-11D3-BF4B-00C04F79EFBC}") = "AddCake", "AddCake\AddCake.csproj", "{2222270B-2F29-4818-ABAA-B5C9964921B6}"
EndProject
Project("{FAE04EC0-301F-11D3-BF4B-00C04F79EFBC}") = "BrowseCakes", "BrowseCakes\BrowseCakes.csproj", "{658BCE37-1F69-419A-946C-7E6F725C589C}"
EndProject
Project("{FAE04EC0-301F-11D3-BF4B-00C04F79EFBC}") = "StreamForHTML", "StreamForHTML\StreamForHTML.csproj", "{FD10C967-3E46-4EA3-BEEF-CC42CAC97185}"
EndProject
Project("{FAE04EC0-301F-11D3-BF4B-00C04F79EFBC}") = "HomeCake", "HomeCake\HomeCake.csproj", "{45E37156-0F1D-43FF-8BB8-71E2DB5C9E10}"
EndProject
Global
	GlobalSection(SolutionConfigurationPlatforms) = preSolution
		Debug|Any CPU = Debug|Any CPU
		Release|Any CPU = Release|Any CPU
	EndGlobalSection
	GlobalSection(ProjectConfigurationPlatforms) = postSolution
		{5DEFDE89-71E0-44FD-980E-01E9AB62A0C5}.Debug|Any CPU.ActiveCfg = Debug|Any CPU
		{5DEFDE89-71E0-44FD-980E-01E9AB62A0C5}.Debug|Any CPU.Build.0 = Debug|Any CPU
		{5DEFDE89-71E0-44FD-980E-01E9AB62A0C5}.Release|Any CPU.ActiveCfg = Release|Any CPU
		{5DEFDE89-71E0-44FD-980E-01E9AB62A0C5}.Release|Any CPU.Build.0 = Release|Any CPU
		{D4AABF74-AF28-4785-94C7-09BEBE01AD78}.Debug|Any CPU.ActiveCfg = Debug|Any CPU
		{D4AABF74-AF28-4785-94C7-09BEBE01AD78}.Debug|Any CPU.Build.0 = Debug|Any CPU
		{D4AABF74-AF28-4785-94C7-09BEBE01AD78}.Release|Any CPU.ActiveCfg = Release|Any CPU
		{D4AABF74-AF28-4785-94C7-09BEBE01AD78}.Release|Any CPU.Build.0 = Release|Any CPU
		{0AB39223-D1DF-4423-ADBD-309F30E30AE9}.Debug|Any CPU.ActiveCfg = Debug|Any CPU
		{0AB39223-D1DF-4423-ADBD-309F30E30AE9}.Debug|Any CPU.Build.0 = Debug|Any CPU
		{0AB39223-D1DF-4423-ADBD-309F30E30AE9}.Release|Any CPU.ActiveCfg = Release|Any CPU
		{0AB39223-D1DF-4423-ADBD-309F30E30AE9}.Release|Any CPU.Build.0 = Release|Any CPU
		{2222270B-2F29-4818-ABAA-B5C9964921B6}.Debug|Any CPU.ActiveCfg = Debug|Any CPU
		{2222270B-2F29-4818-ABAA-B5C9964921B6}.Debug|Any CPU.Build.0 = Debug|Any CPU
		{2222270B-2F29-4818-ABAA-B5C9964921B6}.Release|Any CPU.ActiveCfg = Release|Any CPU
		{2222270B-2F29-4818-ABAA-B5C9964921B6}.Release|Any CPU.Build.0 = Release|Any CPU
		{658BCE37-1F69-419A-946C-7E6F725C589C}.Debug|Any CPU.ActiveCfg = Debug|Any CPU
		{658BCE37-1F69-419A-946C-7E6F725C589C}.Debug|Any CPU.Build.0 = Debug|Any CPU
		{658BCE37-1F69-419A-946C-7E6F725C589C}.Release|Any CPU.ActiveCfg = Release|Any CPU
		{658BCE37-1F69-419A-946C-7E6F725C589C}.Release|Any CPU.Build.0 = Release|Any CPU
		{FD10C967-3E46-4EA3-BEEF-CC42CAC97185}.Debug|Any CPU.ActiveCfg = Debug|Any CPU
		{FD10C967-3E46-4EA3-BEEF-CC42CAC97185}.Debug|Any CPU.Build.0 = Debug|Any CPU
		{FD10C967-3E46-4EA3-BEEF-CC42CAC97185}.Release|Any CPU.ActiveCfg = Release|Any CPU
		{FD10C967-3E46-4EA3-BEEF-CC42CAC97185}.Release|Any CPU.Build.0 = Release|Any CPU
		{45E37156-0F1D-43FF-8BB8-71E2DB5C9E10}.Debug|Any CPU.ActiveCfg = Debug|Any CPU
		{45E37156-0F1D-43FF-8BB8-71E2DB5C9E10}.Debug|Any CPU.Build.0 = Debug|Any CPU
		{45E37156-0F1D-43FF-8BB8-71E2DB5C9E10}.Release|Any CPU.ActiveCfg = Release|Any CPU
		{45E37156-0F1D-43FF-8BB8-71E2DB5C9E10}.Release|Any CPU.Build.0 = Release|Any CPU
	EndGlobalSection
	GlobalSection(SolutionProperties) = preSolution
		HideSolutionNode = FALSE
	EndGlobalSection
EndGlobal
