
Microsoft Visual Studio Solution File, Format Version 12.00
# Visual Studio 14
VisualStudioVersion = 14.0.25420.1
MinimumVisualStudioVersion = 10.0.40219.1
Project("{FAE04EC0-301F-11D3-BF4B-00C04F79EFBC}") = "PizzaMore.Utilities", "Utility\PizzaMore.Utilities.csproj", "{BABFDBB5-DCEC-40A1-8E6E-98924BDA506C}"
EndProject
Project("{FAE04EC0-301F-11D3-BF4B-00C04F79EFBC}") = "PizzaMore.Data", "PizzaMore.Data\PizzaMore.Data.csproj", "{5BF519A4-64D9-48E9-8C01-365B7C9EDFB4}"
EndProject
Project("{FAE04EC0-301F-11D3-BF4B-00C04F79EFBC}") = "Home", "Home\Home.csproj", "{DF09EEE4-360B-450C-B08E-1FAFEB189DA1}"
EndProject
Project("{FAE04EC0-301F-11D3-BF4B-00C04F79EFBC}") = "SignUp", "SignUp\SignUp.csproj", "{1A6ADEDE-DBE7-4512-8BBB-99C276A0D2C5}"
EndProject
Project("{FAE04EC0-301F-11D3-BF4B-00C04F79EFBC}") = "SignIn", "SignIn\SignIn.csproj", "{38450609-68F8-42AA-B1BE-F27AB6E26996}"
EndProject
Global
	GlobalSection(SolutionConfigurationPlatforms) = preSolution
		Debug|Any CPU = Debug|Any CPU
		Release|Any CPU = Release|Any CPU
	EndGlobalSection
	GlobalSection(ProjectConfigurationPlatforms) = postSolution
		{BABFDBB5-DCEC-40A1-8E6E-98924BDA506C}.Debug|Any CPU.ActiveCfg = Debug|Any CPU
		{BABFDBB5-DCEC-40A1-8E6E-98924BDA506C}.Debug|Any CPU.Build.0 = Debug|Any CPU
		{BABFDBB5-DCEC-40A1-8E6E-98924BDA506C}.Release|Any CPU.ActiveCfg = Release|Any CPU
		{BABFDBB5-DCEC-40A1-8E6E-98924BDA506C}.Release|Any CPU.Build.0 = Release|Any CPU
		{5BF519A4-64D9-48E9-8C01-365B7C9EDFB4}.Debug|Any CPU.ActiveCfg = Debug|Any CPU
		{5BF519A4-64D9-48E9-8C01-365B7C9EDFB4}.Debug|Any CPU.Build.0 = Debug|Any CPU
		{5BF519A4-64D9-48E9-8C01-365B7C9EDFB4}.Release|Any CPU.ActiveCfg = Release|Any CPU
		{5BF519A4-64D9-48E9-8C01-365B7C9EDFB4}.Release|Any CPU.Build.0 = Release|Any CPU
		{DF09EEE4-360B-450C-B08E-1FAFEB189DA1}.Debug|Any CPU.ActiveCfg = Debug|Any CPU
		{DF09EEE4-360B-450C-B08E-1FAFEB189DA1}.Debug|Any CPU.Build.0 = Debug|Any CPU
		{DF09EEE4-360B-450C-B08E-1FAFEB189DA1}.Release|Any CPU.ActiveCfg = Release|Any CPU
		{DF09EEE4-360B-450C-B08E-1FAFEB189DA1}.Release|Any CPU.Build.0 = Release|Any CPU
		{1A6ADEDE-DBE7-4512-8BBB-99C276A0D2C5}.Debug|Any CPU.ActiveCfg = Debug|Any CPU
		{1A6ADEDE-DBE7-4512-8BBB-99C276A0D2C5}.Debug|Any CPU.Build.0 = Debug|Any CPU
		{1A6ADEDE-DBE7-4512-8BBB-99C276A0D2C5}.Release|Any CPU.ActiveCfg = Release|Any CPU
		{1A6ADEDE-DBE7-4512-8BBB-99C276A0D2C5}.Release|Any CPU.Build.0 = Release|Any CPU
		{38450609-68F8-42AA-B1BE-F27AB6E26996}.Debug|Any CPU.ActiveCfg = Debug|Any CPU
		{38450609-68F8-42AA-B1BE-F27AB6E26996}.Debug|Any CPU.Build.0 = Debug|Any CPU
		{38450609-68F8-42AA-B1BE-F27AB6E26996}.Release|Any CPU.ActiveCfg = Release|Any CPU
		{38450609-68F8-42AA-B1BE-F27AB6E26996}.Release|Any CPU.Build.0 = Release|Any CPU
	EndGlobalSection
	GlobalSection(SolutionProperties) = preSolution
		HideSolutionNode = FALSE
	EndGlobalSection
EndGlobal
